
Microsoft Visual Studio Solution File, Format Version 12.00
# Visual Studio Version 17
VisualStudioVersion = 17.12.35527.113 d17.12
MinimumVisualStudioVersion = 10.0.40219.1
Project("{FAE04EC0-301F-11D3-BF4B-00C04F79EFBC}") = "NTauri.WPF", "TestNTauri\NTauri.WPF\NTauri.WPF.csproj", "{90F908C6-13DA-4324-B82D-42C50FB79520}"
EndProject
Project("{FAE04EC0-301F-11D3-BF4B-00C04F79EFBC}") = "TestNTauri", "TestNTauri\TestNTauri\TestNTauri.csproj", "{31202BB0-F1A2-4C01-9581-A5DFD114EDD5}"
EndProject
Project("{FAE04EC0-301F-11D3-BF4B-00C04F79EFBC}") = "VueDemo", "TestNTauri\VueDemo\VueDemo.csproj", "{B8A279EE-EC21-448D-A55D-4236D8BD31E0}"
EndProject
Global
	GlobalSection(SolutionConfigurationPlatforms) = preSolution
		Debug|Any CPU = Debug|Any CPU
		Release|Any CPU = Release|Any CPU
	EndGlobalSection
	GlobalSection(ProjectConfigurationPlatforms) = postSolution
		{90F908C6-13DA-4324-B82D-42C50FB79520}.Debug|Any CPU.ActiveCfg = Debug|Any CPU
		{90F908C6-13DA-4324-B82D-42C50FB79520}.Debug|Any CPU.Build.0 = Debug|Any CPU
		{90F908C6-13DA-4324-B82D-42C50FB79520}.Release|Any CPU.ActiveCfg = Release|Any CPU
		{90F908C6-13DA-4324-B82D-42C50FB79520}.Release|Any CPU.Build.0 = Release|Any CPU
		{31202BB0-F1A2-4C01-9581-A5DFD114EDD5}.Debug|Any CPU.ActiveCfg = Debug|Any CPU
		{31202BB0-F1A2-4C01-9581-A5DFD114EDD5}.Debug|Any CPU.Build.0 = Debug|Any CPU
		{31202BB0-F1A2-4C01-9581-A5DFD114EDD5}.Release|Any CPU.ActiveCfg = Release|Any CPU
		{31202BB0-F1A2-4C01-9581-A5DFD114EDD5}.Release|Any CPU.Build.0 = Release|Any CPU
		{B8A279EE-EC21-448D-A55D-4236D8BD31E0}.Debug|Any CPU.ActiveCfg = Debug|Any CPU
		{B8A279EE-EC21-448D-A55D-4236D8BD31E0}.Debug|Any CPU.Build.0 = Debug|Any CPU
		{B8A279EE-EC21-448D-A55D-4236D8BD31E0}.Release|Any CPU.ActiveCfg = Release|Any CPU
		{B8A279EE-EC21-448D-A55D-4236D8BD31E0}.Release|Any CPU.Build.0 = Release|Any CPU
	EndGlobalSection
	GlobalSection(SolutionProperties) = preSolution
		HideSolutionNode = FALSE
	EndGlobalSection
EndGlobal
