
Microsoft Visual Studio Solution File, Format Version 12.00
Project("{FAE04EC0-301F-11D3-BF4B-00C04F79EFBC}") = "TestNTauri", "TestNTauri\TestNTauri.csproj", "{6F4A3DA4-FAAD-4065-BFA6-DE6A3FABA42C}"
EndProject
Project("{FAE04EC0-301F-11D3-BF4B-00C04F79EFBC}") = "VueDemo", "VueDemo\VueDemo.csproj", "{3BF95AB0-34BF-4C02-82B1-6A1F11009088}"
EndProject
Project("{FAE04EC0-301F-11D3-BF4B-00C04F79EFBC}") = "NTauri.WPF", "NTauri.WPF\NTauri.WPF.csproj", "{5D0CB5E7-79C8-4DF3-B9A5-41333CEB37D7}"
EndProject
Global
	GlobalSection(SolutionConfigurationPlatforms) = preSolution
		Debug|Any CPU = Debug|Any CPU
		Release|Any CPU = Release|Any CPU
	EndGlobalSection
	GlobalSection(ProjectConfigurationPlatforms) = postSolution
		{6F4A3DA4-FAAD-4065-BFA6-DE6A3FABA42C}.Debug|Any CPU.ActiveCfg = Debug|Any CPU
		{6F4A3DA4-FAAD-4065-BFA6-DE6A3FABA42C}.Debug|Any CPU.Build.0 = Debug|Any CPU
		{6F4A3DA4-FAAD-4065-BFA6-DE6A3FABA42C}.Release|Any CPU.ActiveCfg = Release|Any CPU
		{6F4A3DA4-FAAD-4065-BFA6-DE6A3FABA42C}.Release|Any CPU.Build.0 = Release|Any CPU
		{3BF95AB0-34BF-4C02-82B1-6A1F11009088}.Debug|Any CPU.ActiveCfg = Debug|Any CPU
		{3BF95AB0-34BF-4C02-82B1-6A1F11009088}.Debug|Any CPU.Build.0 = Debug|Any CPU
		{3BF95AB0-34BF-4C02-82B1-6A1F11009088}.Release|Any CPU.ActiveCfg = Release|Any CPU
		{3BF95AB0-34BF-4C02-82B1-6A1F11009088}.Release|Any CPU.Build.0 = Release|Any CPU
		{5D0CB5E7-79C8-4DF3-B9A5-41333CEB37D7}.Debug|Any CPU.ActiveCfg = Debug|Any CPU
		{5D0CB5E7-79C8-4DF3-B9A5-41333CEB37D7}.Debug|Any CPU.Build.0 = Debug|Any CPU
		{5D0CB5E7-79C8-4DF3-B9A5-41333CEB37D7}.Release|Any CPU.ActiveCfg = Release|Any CPU
		{5D0CB5E7-79C8-4DF3-B9A5-41333CEB37D7}.Release|Any CPU.Build.0 = Release|Any CPU
	EndGlobalSection
EndGlobal
